Microsoft Visual Studio Solution File, Format Version 12.00
# Visual Studio Version 17
VisualStudioVersion = 17.5.2.0
MinimumVisualStudioVersion = 10.0.40219.1
Project("{FAE04EC0-301F-11D3-BF4B-00C04F79EFBC}") = "Word_Guessing_Game", "Word_Guessing_Game.csproj", "{AA56E533-F5F7-7783-B344-ABA46913DC17}"
EndProject
Global
	GlobalSection(SolutionConfigurationPlatforms) = preSolution
		Debug|Any CPU = Debug|Any CPU
		Release|Any CPU = Release|Any CPU
	EndGlobalSection
	GlobalSection(ProjectConfigurationPlatforms) = postSolution
		{AA56E533-F5F7-7783-B344-ABA46913DC17}.Debug|Any CPU.ActiveCfg = Debug|Any CPU
		{AA56E533-F5F7-7783-B344-ABA46913DC17}.Debug|Any CPU.Build.0 = Debug|Any CPU
		{AA56E533-F5F7-7783-B344-ABA46913DC17}.Release|Any CPU.ActiveCfg = Release|Any CPU
		{AA56E533-F5F7-7783-B344-ABA46913DC17}.Release|Any CPU.Build.0 = Release|Any CPU
	EndGlobalSection
	GlobalSection(SolutionProperties) = preSolution
		HideSolutionNode = FALSE
	EndGlobalSection
	GlobalSection(ExtensibilityGlobals) = postSolution
		SolutionGuid = {EBDA2DE8-24A5-42C6-A7BC-369538121448}
	EndGlobalSection
EndGlobal
